{
  "version": "v1",
  "packages": {
    "luckycoinjs-lib": {
      "signature": "b8f16a4b98c8cec52938b247de8ce31d",
      "file": true
    },
    "luckycoinhdw": {
      "signature": "c7a4695a936e0571d158244e3edd4737",
      "file": true
    },
    "luckycoinpair": {
      "signature": "4463a3a55c61e67fd4196e831a161323",
      "file": true
    }
  }
}